# This file is automatically @generated by Poetry 1.8.2 and should not be changed by hand.

[[package]]
name = "python-dotenv"
version = "1.0.1"
description = "Read key-value pairs from a .env file and set them as environment variables"
optional = false
python-versions = ">=3.8"
files = [
    {file = "python-dotenv-1.0.1.tar.gz", hash = "sha256:e324ee90a023d808f1959c46bcbc04446a10ced277783dc6ee09987c37ec10ca"},
    {file = "python_dotenv-1.0.1-py3-none-any.whl", hash = "sha256:f7b63ef50f1b690dddf550d03497b66d609393b40b564ed0d674909a68ebf16a"},
]

[package.extras]
cli = ["click (>=5.0)"]

[[package]]
name = "slack-bolt"
version = "1.20.0"
description = "The Bolt Framework for Python"
optional = false
python-versions = ">=3.6"
files = [
    {file = "slack_bolt-1.20.0-py2.py3-none-any.whl", hash = "sha256:e253dcae69ac7eea189b3270307fba6d733eb0764ae223b494427a9023a57380"},
    {file = "slack_bolt-1.20.0.tar.gz", hash = "sha256:373d76a2b1a8ed91d5fe011bd3f671a05ec8620210c3a6ad99477e39d6b2b7fa"},
]

[package.dependencies]
slack-sdk = ">=3.26.0,<4"

[[package]]
name = "slack-sdk"
version = "3.31.0"
description = "The Slack API Platform SDK for Python"
optional = false
python-versions = ">=3.6"
files = [
    {file = "slack_sdk-3.31.0-py2.py3-none-any.whl", hash = "sha256:a120cc461e8ebb7d9175f171dbe0ded37a6878d9f7b96b28e4bad1227399047b"},
    {file = "slack_sdk-3.31.0.tar.gz", hash = "sha256:740d2f9c49cbfcbd46fca56b4be9d527934c225312aac18fd2c0fca0ef6bc935"},
]

[package.extras]
optional = ["SQLAlchemy (>=1.4,<3)", "aiodns (>1.0)", "aiohttp (>=3.7.3,<4)", "boto3 (<=2)", "websocket-client (>=1,<2)", "websockets (>=9.1,<13)"]

[metadata]
lock-version = "2.0"
python-versions = "^3.12"
content-hash = "e95ac2360aa18c7545c12122ef044e9400916bbda9a16aa7a71afe85a068894d"
